<Solution>
  <Project Path="src/_LingFanEngineTemplateTitle_.Android/_LingFanEngineTemplateTitle_.Android.csproj">
    <Deploy />
  </Project>
  <Project Path="src/_LingFanEngineTemplateTitle_.Browser/_LingFanEngineTemplateTitle_.Browser.csproj" />
  <Project Path="src/_LingFanEngineTemplateTitle_.Desktop.Linux/_LingFanEngineTemplateTitle_.Desktop.Linux.csproj" />
  <Project Path="src/_LingFanEngineTemplateTitle_.Desktop.Mac/_LingFanEngineTemplateTitle_.Desktop.Mac.csproj" />
  <Project Path="src/_LingFanEngineTemplateTitle_.Desktop.Windows/_LingFanEngineTemplateTitle_.Desktop.Windows.csproj" />
  <Project Path="src/_LingFanEngineTemplateTitle_.Desktop/_LingFanEngineTemplateTitle_.Desktop.csproj" />
  <Project Path="src/_LingFanEngineTemplateTitle_.iOS/_LingFanEngineTemplateTitle_.iOS.csproj">
    <Deploy />
  </Project>
  <Project Path="src/_LingFanEngineTemplateTitle_/_LingFanEngineTemplateTitle_.csproj" />
</Solution>
